{
  "name": "pm",
  "version": "1.0.0",
  "lockfileVersion": 2,
  "requires": true,
  "packages": {
    "": {
      "name": "pm",
      "version": "1.0.0",
      "license": "ISC",
      "dependencies": {
        "canvas-gamepad": "^1.0.1",
        "hud-gamepad": "^0.5.9"
      }
    },
    "node_modules/canvas-gamepad": {
      "version": "1.0.1",
      "resolved": "https://registry.npmjs.org/canvas-gamepad/-/canvas-gamepad-1.0.1.tgz",
      "integrity": "sha512-csJYw87IVPJCKeOoD01Y8qkvLwjmtLnpScNHKwwzgGX6A0jl058o9GZ4T5le72sIzzv9AmcEpBqODBP2dnbAxA=="
    },
    "node_modules/hud-gamepad": {
      "version": "0.5.9",
      "resolved": "https://registry.npmjs.org/hud-gamepad/-/hud-gamepad-0.5.9.tgz",
      "integrity": "sha512-y7eFoCdGg9EC7oj0ZXqLqdT2EbUshc4aDgMhMa+I7HKvENfJ6OX1pHG+/vsPwJ5C61ntmIYZZnRlC6Qzn5hjdg=="
    }
  },
  "dependencies": {
    "canvas-gamepad": {
      "version": "1.0.1",
      "resolved": "https://registry.npmjs.org/canvas-gamepad/-/canvas-gamepad-1.0.1.tgz",
      "integrity": "sha512-csJYw87IVPJCKeOoD01Y8qkvLwjmtLnpScNHKwwzgGX6A0jl058o9GZ4T5le72sIzzv9AmcEpBqODBP2dnbAxA=="
    },
    "hud-gamepad": {
      "version": "0.5.9",
      "resolved": "https://registry.npmjs.org/hud-gamepad/-/hud-gamepad-0.5.9.tgz",
      "integrity": "sha512-y7eFoCdGg9EC7oj0ZXqLqdT2EbUshc4aDgMhMa+I7HKvENfJ6OX1pHG+/vsPwJ5C61ntmIYZZnRlC6Qzn5hjdg=="
    }
  }
}
